
Microsoft Visual Studio Solution File, Format Version 12.00
# Visual Studio 15
VisualStudioVersion = 15.0.28307.489
MinimumVisualStudioVersion = 10.0.40219.1
Project("{FAE04EC0-301F-11D3-BF4B-00C04F79EFBC}") = "Egitim", "Egitim\Egitim.csproj", "{50504F96-3B57-447F-8401-A29C4CFB773C}"
EndProject
Global
	GlobalSection(SolutionConfigurationPlatforms) = preSolution
		Debug|Any CPU = Debug|Any CPU
		Release|Any CPU = Release|Any CPU
	EndGlobalSection
	GlobalSection(ProjectConfigurationPlatforms) = postSolution
		{50504F96-3B57-447F-8401-A29C4CFB773C}.Debug|Any CPU.ActiveCfg = Debug|Any CPU
		{50504F96-3B57-447F-8401-A29C4CFB773C}.Debug|Any CPU.Build.0 = Debug|Any CPU
		{50504F96-3B57-447F-8401-A29C4CFB773C}.Release|Any CPU.ActiveCfg = Release|Any CPU
		{50504F96-3B57-447F-8401-A29C4CFB773C}.Release|Any CPU.Build.0 = Release|Any CPU
	EndGlobalSection
	GlobalSection(SolutionProperties) = preSolution
		HideSolutionNode = FALSE
	EndGlobalSection
	GlobalSection(ExtensibilityGlobals) = postSolution
		SolutionGuid = {A52256B2-AC40-46A8-A6FF-403844954F27}
	EndGlobalSection
EndGlobal
